
Microsoft Visual Studio Solution File, Format Version 12.00
# Visual Studio Version 17
VisualStudioVersion = 17.2.32616.157
MinimumVisualStudioVersion = 10.0.40219.1
Project("{FAE04EC0-301F-11D3-BF4B-00C04F79EFBC}") = "PF", "PF.csproj", "{4E0CEFE5-82B0-433A-9A76-279D2CDA264D}"
EndProject
Global
	GlobalSection(SolutionConfigurationPlatforms) = preSolution
		Debug|Any CPU = Debug|Any CPU
		Release|Any CPU = Release|Any CPU
	EndGlobalSection
	GlobalSection(ProjectConfigurationPlatforms) = postSolution
		{4E0CEFE5-82B0-433A-9A76-279D2CDA264D}.Debug|Any CPU.ActiveCfg = Debug|Any CPU
		{4E0CEFE5-82B0-433A-9A76-279D2CDA264D}.Debug|Any CPU.Build.0 = Debug|Any CPU
		{4E0CEFE5-82B0-433A-9A76-279D2CDA264D}.Release|Any CPU.ActiveCfg = Release|Any CPU
		{4E0CEFE5-82B0-433A-9A76-279D2CDA264D}.Release|Any CPU.Build.0 = Release|Any CPU
	EndGlobalSection
	GlobalSection(SolutionProperties) = preSolution
		HideSolutionNode = FALSE
	EndGlobalSection
	GlobalSection(ExtensibilityGlobals) = postSolution
		SolutionGuid = {CF239BA0-49AC-4F84-9450-34A0FDA0448D}
	EndGlobalSection
EndGlobal
